// !$*UTF8*$!
{
	archiveVersion = 1;
	classes = {
	};
	objectVersion = 50;
	objects = {

/* Begin PBXBuildFile section */
		35DFF407232B3500004C639C /* AppDelegate.swift in Sources */ = {isa = PBXBuildFile; fileRef = 35DFF406232B3500004C639C /* AppDelegate.swift */; };
		35DFF409232B3500004C639C /* GameScene.sks in Resources */ = {isa = PBXBuildFile; fileRef = 35DFF408232B3500004C639C /* GameScene.sks */; };
		35DFF40B232B3500004C639C /* Actions.sks in Resources */ = {isa = PBXBuildFile; fileRef = 35DFF40A232B3500004C639C /* Actions.sks */; };
		35DFF40D232B3500004C639C /* GameScene.swift in Sources */ = {isa = PBXBuildFile; fileRef = 35DFF40C232B3500004C639C /* GameScene.swift */; };
		35DFF40F232B3500004C639C /* GameViewController.swift in Sources */ = {isa = PBXBuildFile; fileRef = 35DFF40E232B3500004C639C /* GameViewController.swift */; };
		35DFF412232B3500004C639C /* Main.storyboard in Resources */ = {isa = PBXBuildFile; fileRef = 35DFF410232B3500004C639C /* Main.storyboard */; };
		35DFF414232B3500004C639C /* Assets.xcassets in Resources */ = {isa = PBXBuildFile; fileRef = 35DFF413232B3500004C639C /* Assets.xcassets */; };
		35DFF417232B3500004C639C /* LaunchScreen.storyboard in Resources */ = {isa = PBXBuildFile; fileRef = 35DFF415232B3500004C639C /* LaunchScreen.storyboard */; };
		35DFF422232B3500004C639C /* PongTests.swift in Sources */ = {isa = PBXBuildFile; fileRef = 35DFF421232B3500004C639C /* PongTests.swift */; };
		35DFF42D232B3500004C639C /* PongUITests.swift in Sources */ = {isa = PBXBuildFile; fileRef = 35DFF42C232B3500004C639C /* PongUITests.swift */; };
/* End PBXBuildFile section */

/* Begin PBXContainerItemProxy section */
		35DFF41E232B3500004C639C /* PBXContainerItemProxy */ = {
			isa = PBXContainerItemProxy;
			containerPortal = 35DFF3FB232B3500004C639C /* Project object */;
			proxyType = 1;
			remoteGlobalIDString = 35DFF402232B3500004C639C;
			remoteInfo = Pong;
		};
		35DFF429232B3500004C639C /* PBXContainerItemProxy */ = {
			isa = PBXContainerItemProxy;
			containerPortal = 35DFF3FB232B3500004C639C /* Project object */;
			proxyType = 1;
			remoteGlobalIDString = 35DFF402232B3500004C639C;
			remoteInfo = Pong;
		};
/* End PBXContainerItemProxy section */

/* Begin PBXFileReference section */
		35DFF403232B3500004C639C /* Pong.app */ = {isa = PBXFileReference; explicitFileType = wrapper.application; includeInIndex = 0; path = Pong.app; sourceTree = BUILT_PRODUCTS_DIR; };
		35DFF406232B3500004C639C /* AppDelegate.swift */ = {isa = PBXFileReference; lastKnownFileType = sourcecode.swift; path = AppDelegate.swift; sourceTree = "<group>"; };
		35DFF408232B3500004C639C /* GameScene.sks */ = {isa = PBXFileReference; lastKnownFileType = file.sks; path = GameScene.sks; sourceTree = "<group>"; };
		35DFF40A232B3500004C639C /* Actions.sks */ = {isa = PBXFileReference; lastKnownFileType = file.sks; path = Actions.sks; sourceTree = "<group>"; };
		35DFF40C232B3500004C639C /* GameScene.swift */ = {isa = PBXFileReference; lastKnownFileType = sourcecode.swift; path = GameScene.swift; sourceTree = "<group>"; };
		35DFF40E232B3500004C639C /* GameViewController.swift */ = {isa = PBXFileReference; lastKnownFileType = sourcecode.swift; path = GameViewController.swift; sourceTree = "<group>"; };
		35DFF411232B3500004C639C /* Base */ = {isa = PBXFileReference; lastKnownFileType = file.storyboard; name = Base; path = Base.lproj/Main.storyboard; sourceTree = "<group>"; };
		35DFF413232B3500004C639C /* Assets.xcassets */ = {isa = PBXFileReference; lastKnownFileType = folder.assetcatalog; path = Assets.xcassets; sourceTree = "<group>"; };
		35DFF416232B3500004C639C /* Base */ = {isa = PBXFileReference; lastKnownFileType = file.storyboard; name = Base; path = Base.lproj/LaunchScreen.storyboard; sourceTree = "<group>"; };
		35DFF418232B3500004C639C /* Info.plist */ = {isa = PBXFileReference; lastKnownFileType = text.plist.xml; path = Info.plist; sourceTree = "<group>"; };
		35DFF41D232B3500004C639C /* PongTests.xctest */ = {isa = PBXFileReference; explicitFileType = wrapper.cfbundle; includeInIndex = 0; path = PongTests.xctest; sourceTree = BUILT_PRODUCTS_DIR; };
		35DFF421232B3500004C639C /* PongTests.swift */ = {isa = PBXFileReference; lastKnownFileType = sourcecode.swift; path = PongTests.swift; sourceTree = "<group>"; };
		35DFF423232B3500004C639C /* Info.plist */ = {isa = PBXFileReference; lastKnownFileType = text.plist.xml; path = Info.plist; sourceTree = "<group>"; };
		35DFF428232B3500004C639C /* PongUITests.xctest */ = {isa = PBXFileReference; explicitFileType = wrapper.cfbundle; includeInIndex = 0; path = PongUITests.xctest; sourceTree = BUILT_PRODUCTS_DIR; };
		35DFF42C232B3500004C639C /* PongUITests.swift */ = {isa = PBXFileReference; lastKnownFileType = sourcecode.swift; path = PongUITests.swift; sourceTree = "<group>"; };
		35DFF42E232B3500004C639C /* Info.plist */ = {isa = PBXFileReference; lastKnownFileType = text.plist.xml; path = Info.plist; sourceTree = "<group>"; };
/* End PBXFileReference section */

/* Begin PBXFrameworksBuildPhase section */
		35DFF400232B3500004C639C /* Frameworks */ = {
			isa = PBXFrameworksBuildPhase;
			buildActionMask = 2147483647;
			files = (
			);
			runOnlyForDeploymentPostprocessing = 0;
		};
		35DFF41A232B3500004C639C /* Frameworks */ = {
			isa = PBXFrameworksBuildPhase;
			buildActionMask = 2147483647;
			files = (
			);
			runOnlyForDeploymentPostprocessing = 0;
		};
		35DFF425232B3500004C639C /* Frameworks */ = {
			isa = PBXFrameworksBuildPhase;
			buildActionMask = 2147483647;
			files = (
			);
			runOnlyForDeploymentPostprocessing = 0;
		};
/* End PBXFrameworksBuildPhase section */

/* Begin PBXGroup section */
		35DFF3FA232B3500004C639C = {
			isa = PBXGroup;
			children = (
				35DFF405232B3500004C639C /* Pong */,
				35DFF420232B3500004C639C /* PongTests */,
				35DFF42B232B3500004C639C /* PongUITests */,
				35DFF404232B3500004C639C /* Products */,
			);
			sourceTree = "<group>";
		};
		35DFF404232B3500004C639C /* Products */ = {
			isa = PBXGroup;
			children = (
				35DFF403232B3500004C639C /* Pong.app */,
				35DFF41D232B3500004C639C /* PongTests.xctest */,
				35DFF428232B3500004C639C /* PongUITests.xctest */,
			);
			name = Products;
			sourceTree = "<group>";
		};
		35DFF405232B3500004C639C /* Pong */ = {
			isa = PBXGroup;
			children = (
				35DFF406232B3500004C639C /* AppDelegate.swift */,
				35DFF408232B3500004C639C /* GameScene.sks */,
				35DFF40A232B3500004C639C /* Actions.sks */,
				35DFF40C232B3500004C639C /* GameScene.swift */,
				35DFF40E232B3500004C639C /* GameViewController.swift */,
				35DFF410232B3500004C639C /* Main.storyboard */,
				35DFF413232B3500004C639C /* Assets.xcassets */,
				35DFF415232B3500004C639C /* LaunchScreen.storyboard */,
				35DFF418232B3500004C639C /* Info.plist */,
			);
			path = Pong;
			sourceTree = "<group>";
		};
		35DFF420232B3500004C639C /* PongTests */ = {
			isa = PBXGroup;
			children = (
				35DFF421232B3500004C639C /* PongTests.swift */,
				35DFF423232B3500004C639C /* Info.plist */,
			);
			path = PongTests;
			sourceTree = "<group>";
		};
		35DFF42B232B3500004C639C /* PongUITests */ = {
			isa = PBXGroup;
			children = (
				35DFF42C232B3500004C639C /* PongUITests.swift */,
				35DFF42E232B3500004C639C /* Info.plist */,
			);
			path = PongUITests;
			sourceTree = "<group>";
		};
/* End PBXGroup section */

/* Begin PBXNativeTarget section */
		35DFF402232B3500004C639C /* Pong */ = {
			isa = PBXNativeTarget;
			buildConfigurationList = 35DFF431232B3501004C639C /* Build configuration list for PBXNativeTarget "Pong" */;
			buildPhases = (
				35DFF3FF232B3500004C639C /* Sources */,
				35DFF400232B3500004C639C /* Frameworks */,
				35DFF401232B3500004C639C /* Resources */,
			);
			buildRules = (
			);
			dependencies = (
			);
			name = Pong;
			productName = Pong;
			productReference = 35DFF403232B3500004C639C /* Pong.app */;
			productType = "com.apple.product-type.application";
		};
		35DFF41C232B3500004C639C /* PongTests */ = {
			isa = PBXNativeTarget;
			buildConfigurationList = 35DFF434232B3501004C639C /* Build configuration list for PBXNativeTarget "PongTests" */;
			buildPhases = (
				35DFF419232B3500004C639C /* Sources */,
				35DFF41A232B3500004C639C /* Frameworks */,
				35DFF41B232B3500004C639C /* Resources */,
			);
			buildRules = (
			);
			dependencies = (
				35DFF41F232B3500004C639C /* PBXTargetDependency */,
			);
			name = PongTests;
			productName = PongTests;
			productReference = 35DFF41D232B3500004C639C /* PongTests.xctest */;
			productType = "com.apple.product-type.bundle.unit-test";
		};
		35DFF427232B3500004C639C /* PongUITests */ = {
			isa = PBXNativeTarget;
			buildConfigurationList = 35DFF437232B3501004C639C /* Build configuration list for PBXNativeTarget "PongUITests" */;
			buildPhases = (
				35DFF424232B3500004C639C /* Sources */,
				35DFF425232B3500004C639C /* Frameworks */,
				35DFF426232B3500004C639C /* Resources */,
			);
			buildRules = (
			);
			dependencies = (
				35DFF42A232B3500004C639C /* PBXTargetDependency */,
			);
			name = PongUITests;
			productName = PongUITests;
			productReference = 35DFF428232B3500004C639C /* PongUITests.xctest */;
			productType = "com.apple.product-type.bundle.ui-testing";
		};
/* End PBXNativeTarget section */

/* Begin PBXProject section */
		35DFF3FB232B3500004C639C /* Project object */ = {
			isa = PBXProject;
			attributes = {
				LastSwiftUpdateCheck = 1030;
				LastUpgradeCheck = 1030;
				ORGANIZATIONNAME = FRGY;
				TargetAttributes = {
					35DFF402232B3500004C639C = {
						CreatedOnToolsVersion = 10.3;
					};
					35DFF41C232B3500004C639C = {
						CreatedOnToolsVersion = 10.3;
						TestTargetID = 35DFF402232B3500004C639C;
					};
					35DFF427232B3500004C639C = {
						CreatedOnToolsVersion = 10.3;
						TestTargetID = 35DFF402232B3500004C639C;
					};
				};
			};
			buildConfigurationList = 35DFF3FE232B3500004C639C /* Build configuration list for PBXProject "Pong" */;
			compatibilityVersion = "Xcode 9.3";
			developmentRegion = en;
			hasScannedForEncodings = 0;
			knownRegions = (
				en,
				Base,
			);
			mainGroup = 35DFF3FA232B3500004C639C;
			productRefGroup = 35DFF404232B3500004C639C /* Products */;
			projectDirPath = "";
			projectRoot = "";
			targets = (
				35DFF402232B3500004C639C /* Pong */,
				35DFF41C232B3500004C639C /* PongTests */,
				35DFF427232B3500004C639C /* PongUITests */,
			);
		};
/* End PBXProject section */

/* Begin PBXResourcesBuildPhase section */
		35DFF401232B3500004C639C /* Resources */ = {
			isa = PBXResourcesBuildPhase;
			buildActionMask = 2147483647;
			files = (
				35DFF412232B3500004C639C /* Main.storyboard in Resources */,
				35DFF409232B3500004C639C /* GameScene.sks in Resources */,
				35DFF414232B3500004C639C /* Assets.xcassets in Resources */,
				35DFF417232B3500004C639C /* LaunchScreen.storyboard in Resources */,
				35DFF40B232B3500004C639C /* Actions.sks in Resources */,
			);
			runOnlyForDeploymentPostprocessing = 0;
		};
		35DFF41B232B3500004C639C /* Resources */ = {
			isa = PBXResourcesBuildPhase;
			buildActionMask = 2147483647;
			files = (
			);
			runOnlyForDeploymentPostprocessing = 0;
		};
		35DFF426232B3500004C639C /* Resources */ = {
			isa = PBXResourcesBuildPhase;
			buildActionMask = 2147483647;
			files = (
			);
			runOnlyForDeploymentPostprocessing = 0;
		};
/* End PBXResourcesBuildPhase section */

/* Begin PBXSourcesBuildPhase section */
		35DFF3FF232B3500004C639C /* Sources */ = {
			isa = PBXSourcesBuildPhase;
			buildActionMask = 2147483647;
			files = (
				35DFF40D232B3500004C639C /* GameScene.swift in Sources */,
				35DFF40F232B3500004C639C /* GameViewController.swift in Sources */,
				35DFF407232B3500004C639C /* AppDelegate.swift in Sources */,
			);
			runOnlyForDeploymentPostprocessing = 0;
		};
		35DFF419232B3500004C639C /* Sources */ = {
			isa = PBXSourcesBuildPhase;
			buildActionMask = 2147483647;
			files = (
				35DFF422232B3500004C639C /* PongTests.swift in Sources */,
			);
			runOnlyForDeploymentPostprocessing = 0;
		};
		35DFF424232B3500004C639C /* Sources */ = {
			isa = PBXSourcesBuildPhase;
			buildActionMask = 2147483647;
			files = (
				35DFF42D232B3500004C639C /* PongUITests.swift in Sources */,
			);
			runOnlyForDeploymentPostprocessing = 0;
		};
/* End PBXSourcesBuildPhase section */

/* Begin PBXTargetDependency section */
		35DFF41F232B3500004C639C /* PBXTargetDependency */ = {
			isa = PBXTargetDependency;
			target = 35DFF402232B3500004C639C /* Pong */;
			targetProxy = 35DFF41E232B3500004C639C /* PBXContainerItemProxy */;
		};
		35DFF42A232B3500004C639C /* PBXTargetDependency */ = {
			isa = PBXTargetDependency;
			target = 35DFF402232B3500004C639C /* Pong */;
			targetProxy = 35DFF429232B3500004C639C /* PBXContainerItemProxy */;
		};
/* End PBXTargetDependency section */

/* Begin PBXVariantGroup section */
		35DFF410232B3500004C639C /* Main.storyboard */ = {
			isa = PBXVariantGroup;
			children = (
				35DFF411232B3500004C639C /* Base */,
			);
			name = Main.storyboard;
			sourceTree = "<group>";
		};
		35DFF415232B3500004C639C /* LaunchScreen.storyboard */ = {
			isa = PBXVariantGroup;
			children = (
				35DFF416232B3500004C639C /* Base */,
			);
			name = LaunchScreen.storyboard;
			sourceTree = "<group>";
		};
/* End PBXVariantGroup section */

/* Begin XCBuildConfiguration section */
		35DFF42F232B3501004C639C /* Debug */ = {
			isa = XCBuildConfiguration;
			buildSettings = {
				ALWAYS_SEARCH_USER_PATHS = NO;
				CLANG_ANALYZER_NONNULL = YES;
				CLANG_ANALYZER_NUMBER_OBJECT_CONVERSION = YES_AGGRESSIVE;
				CLANG_CXX_LANGUAGE_STANDARD = "gnu++14";
				CLANG_CXX_LIBRARY = "libc++";
				CLANG_ENABLE_MODULES = YES;
				CLANG_ENABLE_OBJC_ARC = YES;
				CLANG_ENABLE_OBJC_WEAK = YES;
				CLANG_WARN_BLOCK_CAPTURE_AUTORELEASING = YES;
				CLANG_WARN_BOOL_CONVERSION = YES;
				CLANG_WARN_COMMA = YES;
				CLANG_WARN_CONSTANT_CONVERSION = YES;
				CLANG_WARN_DEPRECATED_OBJC_IMPLEMENTATIONS = YES;
				CLANG_WARN_DIRECT_OBJC_ISA_USAGE = YES_ERROR;
				CLANG_WARN_DOCUMENTATION_COMMENTS = YES;
				CLANG_WARN_EMPTY_BODY = YES;
				CLANG_WARN_ENUM_CONVERSION = YES;
				CLANG_WARN_INFINITE_RECURSION = YES;
				CLANG_WARN_INT_CONVERSION = YES;
				CLANG_WARN_NON_LITERAL_NULL_CONVERSION = YES;
				CLANG_WARN_OBJC_IMPLICIT_RETAIN_SELF = YES;
				CLANG_WARN_OBJC_LITERAL_CONVERSION = YES;
				CLANG_WARN_OBJC_ROOT_CLASS = YES_ERROR;
				CLANG_WARN_RANGE_LOOP_ANALYSIS = YES;
				CLANG_WARN_STRICT_PROTOTYPES = YES;
				CLANG_WARN_SUSPICIOUS_MOVE = YES;
				CLANG_WARN_UNGUARDED_AVAILABILITY = YES_AGGRESSIVE;
				CLANG_WARN_UNREACHABLE_CODE = YES;
				CLANG_WARN__DUPLICATE_METHOD_MATCH = YES;
				CODE_SIGN_IDENTITY = "iPhone Developer";
				COPY_PHASE_STRIP = NO;
				DEBUG_INFORMATION_FORMAT = dwarf;
				ENABLE_STRICT_OBJC_MSGSEND = YES;
				ENABLE_TESTABILITY = YES;
				GCC_C_LANGUAGE_STANDARD = gnu11;
				GCC_DYNAMIC_NO_PIC = NO;
				GCC_NO_COMMON_BLOCKS = YES;
				GCC_OPTIMIZATION_LEVEL = 0;
				GCC_PREPROCESSOR_DEFINITIONS = (
					"DEBUG=1",
					"$(inherited)",
				);
				GCC_WARN_64_TO_32_BIT_CONVERSION = YES;
				GCC_WARN_ABOUT_RETURN_TYPE = YES_ERROR;
				GCC_WARN_UNDECLARED_SELECTOR = YES;
				GCC_WARN_UNINITIALIZED_AUTOS = YES_AGGRESSIVE;
				GCC_WARN_UNUSED_FUNCTION = YES;
				GCC_WARN_UNUSED_VARIABLE = YES;
				IPHONEOS_DEPLOYMENT_TARGET = 12.4;
				MTL_ENABLE_DEBUG_INFO = INCLUDE_SOURCE;
				MTL_FAST_MATH = YES;
				ONLY_ACTIVE_ARCH = YES;
				SDKROOT = iphoneos;
				SWIFT_ACTIVE_COMPILATION_CONDITIONS = DEBUG;
				SWIFT_OPTIMIZATION_LEVEL = "-Onone";
			};
			name = Debug;
		};
		35DFF430232B3501004C639C /* Release */ = {
			isa = XCBuildConfiguration;
			buildSettings = {
				ALWAYS_SEARCH_USER_PATHS = NO;
				CLANG_ANALYZER_NONNULL = YES;
				CLANG_ANALYZER_NUMBER_OBJECT_CONVERSION = YES_AGGRESSIVE;
				CLANG_CXX_LANGUAGE_STANDARD = "gnu++14";
				CLANG_CXX_LIBRARY = "libc++";
				CLANG_ENABLE_MODULES = YES;
				CLANG_ENABLE_OBJC_ARC = YES;
				CLANG_ENABLE_OBJC_WEAK = YES;
				CLANG_WARN_BLOCK_CAPTURE_AUTORELEASING = YES;
				CLANG_WARN_BOOL_CONVERSION = YES;
				CLANG_WARN_COMMA = YES;
				CLANG_WARN_CONSTANT_CONVERSION = YES;
				CLANG_WARN_DEPRECATED_OBJC_IMPLEMENTATIONS = YES;
				CLANG_WARN_DIRECT_OBJC_ISA_USAGE = YES_ERROR;
				CLANG_WARN_DOCUMENTATION_COMMENTS = YES;
				CLANG_WARN_EMPTY_BODY = YES;
				CLANG_WARN_ENUM_CONVERSION = YES;
				CLANG_WARN_INFINITE_RECURSION = YES;
				CLANG_WARN_INT_CONVERSION = YES;
				CLANG_WARN_NON_LITERAL_NULL_CONVERSION = YES;
				CLANG_WARN_OBJC_IMPLICIT_RETAIN_SELF = YES;
				CLANG_WARN_OBJC_LITERAL_CONVERSION = YES;
				CLANG_WARN_OBJC_ROOT_CLASS = YES_ERROR;
				CLANG_WARN_RANGE_LOOP_ANALYSIS = YES;
				CLANG_WARN_STRICT_PROTOTYPES = YES;
				CLANG_WARN_SUSPICIOUS_MOVE = YES;
				CLANG_WARN_UNGUARDED_AVAILABILITY = YES_AGGRESSIVE;
				CLANG_WARN_UNREACHABLE_CODE = YES;
				CLANG_WARN__DUPLICATE_METHOD_MATCH = YES;
				CODE_SIGN_IDENTITY = "iPhone Developer";
				COPY_PHASE_STRIP = NO;
				DEBUG_INFORMATION_FORMAT = "dwarf-with-dsym";
				ENABLE_NS_ASSERTIONS = NO;
				ENABLE_STRICT_OBJC_MSGSEND = YES;
				GCC_C_LANGUAGE_STANDARD = gnu11;
				GCC_NO_COMMON_BLOCKS = YES;
				GCC_WARN_64_TO_32_BIT_CONVERSION = YES;
				GCC_WARN_ABOUT_RETURN_TYPE = YES_ERROR;
				GCC_WARN_UNDECLARED_SELECTOR = YES;
				GCC_WARN_UNINITIALIZED_AUTOS = YES_AGGRESSIVE;
				GCC_WARN_UNUSED_FUNCTION = YES;
				GCC_WARN_UNUSED_VARIABLE = YES;
				IPHONEOS_DEPLOYMENT_TARGET = 12.4;
				MTL_ENABLE_DEBUG_INFO = NO;
				MTL_FAST_MATH = YES;
				SDKROOT = iphoneos;
				SWIFT_COMPILATION_MODE = wholemodule;
				SWIFT_OPTIMIZATION_LEVEL = "-O";
				VALIDATE_PRODUCT = YES;
			};
			name = Release;
		};
		35DFF432232B3501004C639C /* Debug */ = {
			isa = XCBuildConfiguration;
			buildSettings = {
				ASSETCATALOG_COMPILER_APPICON_NAME = AppIcon;
				CODE_SIGN_STYLE = Automatic;
				DEVELOPMENT_TEAM = G7S4PP373W;
				INFOPLIST_FILE = Pong/Info.plist;
				LD_RUNPATH_SEARCH_PATHS = (
					"$(inherited)",
					"@executable_path/Frameworks",
				);
				PRODUCT_BUNDLE_IDENTIFIER = com.michealfergerson.Pong;
				PRODUCT_NAME = "$(TARGET_NAME)";
				SWIFT_VERSION = 5.0;
				TARGETED_DEVICE_FAMILY = "1,2";
			};
			name = Debug;
		};
		35DFF433232B3501004C639C /* Release */ = {
			isa = XCBuildConfiguration;
			buildSettings = {
				ASSETCATALOG_COMPILER_APPICON_NAME = AppIcon;
				CODE_SIGN_STYLE = Automatic;
				DEVELOPMENT_TEAM = G7S4PP373W;
				INFOPLIST_FILE = Pong/Info.plist;
				LD_RUNPATH_SEARCH_PATHS = (
					"$(inherited)",
					"@executable_path/Frameworks",
				);
				PRODUCT_BUNDLE_IDENTIFIER = com.michealfergerson.Pong;
				PRODUCT_NAME = "$(TARGET_NAME)";
				SWIFT_VERSION = 5.0;
				TARGETED_DEVICE_FAMILY = "1,2";
			};
			name = Release;
		};
		35DFF435232B3501004C639C /* Debug */ = {
			isa = XCBuildConfiguration;
			buildSettings = {
				ALWAYS_EMBED_SWIFT_STANDARD_LIBRARIES = YES;
				BUNDLE_LOADER = "$(TEST_HOST)";
				CODE_SIGN_STYLE = Automatic;
				DEVELOPMENT_TEAM = G7S4PP373W;
				INFOPLIST_FILE = PongTests/Info.plist;
				LD_RUNPATH_SEARCH_PATHS = (
					"$(inherited)",
					"@executable_path/Frameworks",
					"@loader_path/Frameworks",
				);
				PRODUCT_BUNDLE_IDENTIFIER = com.michealfergerson.PongTests;
				PRODUCT_NAME = "$(TARGET_NAME)";
				SWIFT_VERSION = 5.0;
				TARGETED_DEVICE_FAMILY = "1,2";
				TEST_HOST = "$(BUILT_PRODUCTS_DIR)/Pong.app/Pong";
			};
			name = Debug;
		};
		35DFF436232B3501004C639C /* Release */ = {
			isa = XCBuildConfiguration;
			buildSettings = {
				ALWAYS_EMBED_SWIFT_STANDARD_LIBRARIES = YES;
				BUNDLE_LOADER = "$(TEST_HOST)";
				CODE_SIGN_STYLE = Automatic;
				DEVELOPMENT_TEAM = G7S4PP373W;
				INFOPLIST_FILE = PongTests/Info.plist;
				LD_RUNPATH_SEARCH_PATHS = (
					"$(inherited)",
					"@executable_path/Frameworks",
					"@loader_path/Frameworks",
				);
				PRODUCT_BUNDLE_IDENTIFIER = com.michealfergerson.PongTests;
				PRODUCT_NAME = "$(TARGET_NAME)";
				SWIFT_VERSION = 5.0;
				TARGETED_DEVICE_FAMILY = "1,2";
				TEST_HOST = "$(BUILT_PRODUCTS_DIR)/Pong.app/Pong";
			};
			name = Release;
		};
		35DFF438232B3501004C639C /* Debug */ = {
			isa = XCBuildConfiguration;
			buildSettings = {
				ALWAYS_EMBED_SWIFT_STANDARD_LIBRARIES = YES;
				CODE_SIGN_STYLE = Automatic;
				DEVELOPMENT_TEAM = G7S4PP373W;
				INFOPLIST_FILE = PongUITests/Info.plist;
				LD_RUNPATH_SEARCH_PATHS = (
					"$(inherited)",
					"@executable_path/Frameworks",
					"@loader_path/Frameworks",
				);
				PRODUCT_BUNDLE_IDENTIFIER = com.michealfergerson.PongUITests;
				PRODUCT_NAME = "$(TARGET_NAME)";
				SWIFT_VERSION = 5.0;
				TARGETED_DEVICE_FAMILY = "1,2";
				TEST_TARGET_NAME = Pong;
			};
			name = Debug;
		};
		35DFF439232B3501004C639C /* Release */ = {
			isa = XCBuildConfiguration;
			buildSettings = {
				ALWAYS_EMBED_SWIFT_STANDARD_LIBRARIES = YES;
				CODE_SIGN_STYLE = Automatic;
				DEVELOPMENT_TEAM = G7S4PP373W;
				INFOPLIST_FILE = PongUITests/Info.plist;
				LD_RUNPATH_SEARCH_PATHS = (
					"$(inherited)",
					"@executable_path/Frameworks",
					"@loader_path/Frameworks",
				);
				PRODUCT_BUNDLE_IDENTIFIER = com.michealfergerson.PongUITests;
				PRODUCT_NAME = "$(TARGET_NAME)";
				SWIFT_VERSION = 5.0;
				TARGETED_DEVICE_FAMILY = "1,2";
				TEST_TARGET_NAME = Pong;
			};
			name = Release;
		};
/* End XCBuildConfiguration section */

/* Begin XCConfigurationList section */
		35DFF3FE232B3500004C639C /* Build configuration list for PBXProject "Pong" */ = {
			isa = XCConfigurationList;
			buildConfigurations = (
				35DFF42F232B3501004C639C /* Debug */,
				35DFF430232B3501004C639C /* Release */,
			);
			defaultConfigurationIsVisible = 0;
			defaultConfigurationName = Release;
		};
		35DFF431232B3501004C639C /* Build configuration list for PBXNativeTarget "Pong" */ = {
			isa = XCConfigurationList;
			buildConfigurations = (
				35DFF432232B3501004C639C /* Debug */,
				35DFF433232B3501004C639C /* Release */,
			);
			defaultConfigurationIsVisible = 0;
			defaultConfigurationName = Release;
		};
		35DFF434232B3501004C639C /* Build configuration list for PBXNativeTarget "PongTests" */ = {
			isa = XCConfigurationList;
			buildConfigurations = (
				35DFF435232B3501004C639C /* Debug */,
				35DFF436232B3501004C639C /* Release */,
			);
			defaultConfigurationIsVisible = 0;
			defaultConfigurationName = Release;
		};
		35DFF437232B3501004C639C /* Build configuration list for PBXNativeTarget "PongUITests" */ = {
			isa = XCConfigurationList;
			buildConfigurations = (
				35DFF438232B3501004C639C /* Debug */,
				35DFF439232B3501004C639C /* Release */,
			);
			defaultConfigurationIsVisible = 0;
			defaultConfigurationName = Release;
		};
/* End XCConfigurationList section */
	};
	rootObject = 35DFF3FB232B3500004C639C /* Project object */;
}
